{
  "name": "grammar",
  "version": "0.3.0",
  "lockfileVersion": 1,
  "dependencies": {
    "antlr4": {
      "version": "4.7.0",
      "resolved": "https://registry.npmjs.org/antlr4/-/antlr4-4.7.0.tgz",
      "integrity": "sha1-KX+VbdwG+DOX/AmQ7PLgzyC/u+4="
    },
    "command": {
      "version": "0.0.5",
      "resolved": "https://registry.npmjs.org/command/-/command-0.0.5.tgz",
      "integrity": "sha1-ovmGpzaOJN4jdLSjkFQdLUjn7Lo="
    },
    "commander": {
      "version": "2.9.0",
      "resolved": "https://registry.npmjs.org/commander/-/commander-2.9.0.tgz",
      "integrity": "sha1-nJkJQXbhIkDLItbFFGCYQA/g99Q="
    },
    "graceful-readlink": {
      "version": "1.0.1",
      "resolved": "https://registry.npmjs.org/graceful-readlink/-/graceful-readlink-1.0.1.tgz",
      "integrity": "sha1-TK+tdrxi8C+gObL5Tpo906ORpyU="
    },
    "merge-recursive": {
      "version": "0.0.3",
      "resolved": "https://registry.npmjs.org/merge-recursive/-/merge-recursive-0.0.3.tgz",
      "integrity": "sha1-3nkB78rsyQbYyrKtHpxHD1o9roQ="
    },
    "ramda": {
      "version": "0.24.1",
      "resolved": "https://registry.npmjs.org/ramda/-/ramda-0.24.1.tgz",
      "integrity": "sha1-w7d1UZfzW43DUCIoJixMkd22uFc="
    },
    "which": {
      "version": "1.0.5",
      "resolved": "https://registry.npmjs.org/which/-/which-1.0.5.tgz",
      "integrity": "sha1-VjDWgZ3aaS8UZEYueVbLQsCEJzk="
    }
  }
}
